// !$*UTF8*$!
{
	archiveVersion = 1;
	classes = {
	};
	objectVersion = 77;
	objects = {

/* Begin PBXBuildFile section */
		8DB5EE5F2D65E47E009EDFBC /* Preview Assets.xcassets in Resources */ = {isa = PBXBuildFile; fileRef = 8DB5EE582D65E47E009EDFBC /* Preview Assets.xcassets */; };
		8DB5EE602D65E47E009EDFBC /* Assets.xcassets in Resources */ = {isa = PBXBuildFile; fileRef = 8DB5EE5A2D65E47E009EDFBC /* Assets.xcassets */; };
		8DB5EE612D65E47E009EDFBC /* ContentView.swift in Sources */ = {isa = PBXBuildFile; fileRef = 8DB5EE5B2D65E47E009EDFBC /* ContentView.swift */; };
		8DB5EE622D65E47E009EDFBC /* grdApp.swift in Sources */ = {isa = PBXBuildFile; fileRef = 8DB5EE5C2D65E47E009EDFBC /* grdApp.swift */; };
		8DB5EE632D65E47E009EDFBC /* Item.swift in Sources */ = {isa = PBXBuildFile; fileRef = 8DB5EE5D2D65E47E009EDFBC /* Item.swift */; };
		8DB5EE682D65E4DD009EDFBC /* Expense.swift in Sources */ = {isa = PBXBuildFile; fileRef = 8DB5EE672D65E4DD009EDFBC /* Expense.swift */; };
		8DB5EE6A2D65E4F4009EDFBC /* Home.swift in Sources */ = {isa = PBXBuildFile; fileRef = 8DB5EE692D65E4F4009EDFBC /* Home.swift */; };
		8DB5EE6C2D65E9B0009EDFBC /* Card.swift in Sources */ = {isa = PBXBuildFile; fileRef = 8DB5EE6B2D65E9B0009EDFBC /* Card.swift */; };
/* End PBXBuildFile section */

/* Begin PBXFileReference section */
		8DB5EE452D65E334009EDFBC /* grd.app */ = {isa = PBXFileReference; explicitFileType = wrapper.application; includeInIndex = 0; path = grd.app; sourceTree = BUILT_PRODUCTS_DIR; };
		8DB5EE582D65E47E009EDFBC /* Preview Assets.xcassets */ = {isa = PBXFileReference; lastKnownFileType = folder.assetcatalog; path = "Preview Assets.xcassets"; sourceTree = "<group>"; };
		8DB5EE5A2D65E47E009EDFBC /* Assets.xcassets */ = {isa = PBXFileReference; lastKnownFileType = folder.assetcatalog; path = Assets.xcassets; sourceTree = "<group>"; };
		8DB5EE5B2D65E47E009EDFBC /* ContentView.swift */ = {isa = PBXFileReference; lastKnownFileType = sourcecode.swift; path = ContentView.swift; sourceTree = "<group>"; };
		8DB5EE5C2D65E47E009EDFBC /* grdApp.swift */ = {isa = PBXFileReference; lastKnownFileType = sourcecode.swift; path = grdApp.swift; sourceTree = "<group>"; };
		8DB5EE5D2D65E47E009EDFBC /* Item.swift */ = {isa = PBXFileReference; lastKnownFileType = sourcecode.swift; path = Item.swift; sourceTree = "<group>"; };
		8DB5EE672D65E4DD009EDFBC /* Expense.swift */ = {isa = PBXFileReference; lastKnownFileType = sourcecode.swift; path = Expense.swift; sourceTree = "<group>"; };
		8DB5EE692D65E4F4009EDFBC /* Home.swift */ = {isa = PBXFileReference; lastKnownFileType = sourcecode.swift; path = Home.swift; sourceTree = "<group>"; };
		8DB5EE6B2D65E9B0009EDFBC /* Card.swift */ = {isa = PBXFileReference; lastKnownFileType = sourcecode.swift; path = Card.swift; sourceTree = "<group>"; };
/* End PBXFileReference section */

/* Begin PBXFrameworksBuildPhase section */
		8DB5EE422D65E334009EDFBC /* Frameworks */ = {
			isa = PBXFrameworksBuildPhase;
			buildActionMask = 2147483647;
			files = (
			);
			runOnlyForDeploymentPostprocessing = 0;
		};
/* End PBXFrameworksBuildPhase section */

/* Begin PBXGroup section */
		8DB5EE3C2D65E334009EDFBC = {
			isa = PBXGroup;
			children = (
				8DB5EE5E2D65E47E009EDFBC /* grd */,
				8DB5EE462D65E334009EDFBC /* Products */,
			);
			sourceTree = "<group>";
		};
		8DB5EE462D65E334009EDFBC /* Products */ = {
			isa = PBXGroup;
			children = (
				8DB5EE452D65E334009EDFBC /* grd.app */,
			);
			name = Products;
			sourceTree = "<group>";
		};
		8DB5EE592D65E47E009EDFBC /* Preview Content */ = {
			isa = PBXGroup;
			children = (
				8DB5EE5B2D65E47E009EDFBC /* ContentView.swift */,
				8DB5EE5C2D65E47E009EDFBC /* grdApp.swift */,
				8DB5EE582D65E47E009EDFBC /* Preview Assets.xcassets */,
				8DB5EE5A2D65E47E009EDFBC /* Assets.xcassets */,
			);
			path = "Preview Content";
			sourceTree = "<group>";
		};
		8DB5EE5E2D65E47E009EDFBC /* grd */ = {
			isa = PBXGroup;
			children = (
				8DB5EE662D65E4AE009EDFBC /* ViewModel */,
				8DB5EE642D65E4A5009EDFBC /* View */,
				8DB5EE652D65E4A9009EDFBC /* Model */,
				8DB5EE592D65E47E009EDFBC /* Preview Content */,
			);
			path = grd;
			sourceTree = "<group>";
		};
		8DB5EE642D65E4A5009EDFBC /* View */ = {
			isa = PBXGroup;
			children = (
				8DB5EE692D65E4F4009EDFBC /* Home.swift */,
			);
			path = View;
			sourceTree = "<group>";
		};
		8DB5EE652D65E4A9009EDFBC /* Model */ = {
			isa = PBXGroup;
			children = (
				8DB5EE5D2D65E47E009EDFBC /* Item.swift */,
				8DB5EE672D65E4DD009EDFBC /* Expense.swift */,
				8DB5EE6B2D65E9B0009EDFBC /* Card.swift */,
			);
			path = Model;
			sourceTree = "<group>";
		};
		8DB5EE662D65E4AE009EDFBC /* ViewModel */ = {
			isa = PBXGroup;
			children = (
			);
			path = ViewModel;
			sourceTree = "<group>";
		};
/* End PBXGroup section */

/* Begin PBXNativeTarget section */
		8DB5EE442D65E334009EDFBC /* grd */ = {
			isa = PBXNativeTarget;
			buildConfigurationList = 8DB5EE552D65E336009EDFBC /* Build configuration list for PBXNativeTarget "grd" */;
			buildPhases = (
				8DB5EE412D65E334009EDFBC /* Sources */,
				8DB5EE422D65E334009EDFBC /* Frameworks */,
				8DB5EE432D65E334009EDFBC /* Resources */,
			);
			buildRules = (
			);
			dependencies = (
			);
			name = grd;
			packageProductDependencies = (
			);
			productName = grd;
			productReference = 8DB5EE452D65E334009EDFBC /* grd.app */;
			productType = "com.apple.product-type.application";
		};
/* End PBXNativeTarget section */

/* Begin PBXProject section */
		8DB5EE3D2D65E334009EDFBC /* Project object */ = {
			isa = PBXProject;
			attributes = {
				BuildIndependentTargetsInParallel = 1;
				LastSwiftUpdateCheck = 1610;
				LastUpgradeCheck = 1610;
				TargetAttributes = {
					8DB5EE442D65E334009EDFBC = {
						CreatedOnToolsVersion = 16.1;
					};
				};
			};
			buildConfigurationList = 8DB5EE402D65E334009EDFBC /* Build configuration list for PBXProject "grd" */;
			developmentRegion = en;
			hasScannedForEncodings = 0;
			knownRegions = (
				en,
				Base,
			);
			mainGroup = 8DB5EE3C2D65E334009EDFBC;
			minimizedProjectReferenceProxies = 1;
			preferredProjectObjectVersion = 77;
			productRefGroup = 8DB5EE462D65E334009EDFBC /* Products */;
			projectDirPath = "";
			projectRoot = "";
			targets = (
				8DB5EE442D65E334009EDFBC /* grd */,
			);
		};
/* End PBXProject section */

/* Begin PBXResourcesBuildPhase section */
		8DB5EE432D65E334009EDFBC /* Resources */ = {
			isa = PBXResourcesBuildPhase;
			buildActionMask = 2147483647;
			files = (
				8DB5EE5F2D65E47E009EDFBC /* Preview Assets.xcassets in Resources */,
				8DB5EE602D65E47E009EDFBC /* Assets.xcassets in Resources */,
			);
			runOnlyForDeploymentPostprocessing = 0;
		};
/* End PBXResourcesBuildPhase section */

/* Begin PBXSourcesBuildPhase section */
		8DB5EE412D65E334009EDFBC /* Sources */ = {
			isa = PBXSourcesBuildPhase;
			buildActionMask = 2147483647;
			files = (
				8DB5EE612D65E47E009EDFBC /* ContentView.swift in Sources */,
				8DB5EE6C2D65E9B0009EDFBC /* Card.swift in Sources */,
				8DB5EE622D65E47E009EDFBC /* grdApp.swift in Sources */,
				8DB5EE6A2D65E4F4009EDFBC /* Home.swift in Sources */,
				8DB5EE632D65E47E009EDFBC /* Item.swift in Sources */,
				8DB5EE682D65E4DD009EDFBC /* Expense.swift in Sources */,
			);
			runOnlyForDeploymentPostprocessing = 0;
		};
/* End PBXSourcesBuildPhase section */

/* Begin XCBuildConfiguration section */
		8DB5EE532D65E336009EDFBC /* Debug */ = {
			isa = XCBuildConfiguration;
			buildSettings = {
				ALWAYS_SEARCH_USER_PATHS = NO;
				ASSETCATALOG_COMPILER_GENERATE_SWIFT_ASSET_SYMBOL_EXTENSIONS = YES;
				CLANG_ANALYZER_NONNULL = YES;
				CLANG_ANALYZER_NUMBER_OBJECT_CONVERSION = YES_AGGRESSIVE;
				CLANG_CXX_LANGUAGE_STANDARD = "gnu++20";
				CLANG_ENABLE_MODULES = YES;
				CLANG_ENABLE_OBJC_ARC = YES;
				CLANG_ENABLE_OBJC_WEAK = YES;
				CLANG_WARN_BLOCK_CAPTURE_AUTORELEASING = YES;
				CLANG_WARN_BOOL_CONVERSION = YES;
				CLANG_WARN_COMMA = YES;
				CLANG_WARN_CONSTANT_CONVERSION = YES;
				CLANG_WARN_DEPRECATED_OBJC_IMPLEMENTATIONS = YES;
				CLANG_WARN_DIRECT_OBJC_ISA_USAGE = YES_ERROR;
				CLANG_WARN_DOCUMENTATION_COMMENTS = YES;
				CLANG_WARN_EMPTY_BODY = YES;
				CLANG_WARN_ENUM_CONVERSION = YES;
				CLANG_WARN_INFINITE_RECURSION = YES;
				CLANG_WARN_INT_CONVERSION = YES;
				CLANG_WARN_NON_LITERAL_NULL_CONVERSION = YES;
				CLANG_WARN_OBJC_IMPLICIT_RETAIN_SELF = YES;
				CLANG_WARN_OBJC_LITERAL_CONVERSION = YES;
				CLANG_WARN_OBJC_ROOT_CLASS = YES_ERROR;
				CLANG_WARN_QUOTED_INCLUDE_IN_FRAMEWORK_HEADER = YES;
				CLANG_WARN_RANGE_LOOP_ANALYSIS = YES;
				CLANG_WARN_STRICT_PROTOTYPES = YES;
				CLANG_WARN_SUSPICIOUS_MOVE = YES;
				CLANG_WARN_UNGUARDED_AVAILABILITY = YES_AGGRESSIVE;
				CLANG_WARN_UNREACHABLE_CODE = YES;
				CLANG_WARN__DUPLICATE_METHOD_MATCH = YES;
				COPY_PHASE_STRIP = NO;
				DEBUG_INFORMATION_FORMAT = dwarf;
				ENABLE_STRICT_OBJC_MSGSEND = YES;
				ENABLE_TESTABILITY = YES;
				ENABLE_USER_SCRIPT_SANDBOXING = YES;
				GCC_C_LANGUAGE_STANDARD = gnu17;
				GCC_DYNAMIC_NO_PIC = NO;
				GCC_NO_COMMON_BLOCKS = YES;
				GCC_OPTIMIZATION_LEVEL = 0;
				GCC_PREPROCESSOR_DEFINITIONS = (
					"DEBUG=1",
					"$(inherited)",
				);
				GCC_WARN_64_TO_32_BIT_CONVERSION = YES;
				GCC_WARN_ABOUT_RETURN_TYPE = YES_ERROR;
				GCC_WARN_UNDECLARED_SELECTOR = YES;
				GCC_WARN_UNINITIALIZED_AUTOS = YES_AGGRESSIVE;
				GCC_WARN_UNUSED_FUNCTION = YES;
				GCC_WARN_UNUSED_VARIABLE = YES;
				IPHONEOS_DEPLOYMENT_TARGET = 18.1;
				LOCALIZATION_PREFERS_STRING_CATALOGS = YES;
				MTL_ENABLE_DEBUG_INFO = INCLUDE_SOURCE;
				MTL_FAST_MATH = YES;
				ONLY_ACTIVE_ARCH = YES;
				SDKROOT = iphoneos;
				SWIFT_ACTIVE_COMPILATION_CONDITIONS = "DEBUG $(inherited)";
				SWIFT_OPTIMIZATION_LEVEL = "-Onone";
			};
			name = Debug;
		};
		8DB5EE542D65E336009EDFBC /* Release */ = {
			isa = XCBuildConfiguration;
			buildSettings = {
				ALWAYS_SEARCH_USER_PATHS = NO;
				ASSETCATALOG_COMPILER_GENERATE_SWIFT_ASSET_SYMBOL_EXTENSIONS = YES;
				CLANG_ANALYZER_NONNULL = YES;
				CLANG_ANALYZER_NUMBER_OBJECT_CONVERSION = YES_AGGRESSIVE;
				CLANG_CXX_LANGUAGE_STANDARD = "gnu++20";
				CLANG_ENABLE_MODULES = YES;
				CLANG_ENABLE_OBJC_ARC = YES;
				CLANG_ENABLE_OBJC_WEAK = YES;
				CLANG_WARN_BLOCK_CAPTURE_AUTORELEASING = YES;
				CLANG_WARN_BOOL_CONVERSION = YES;
				CLANG_WARN_COMMA = YES;
				CLANG_WARN_CONSTANT_CONVERSION = YES;
				CLANG_WARN_DEPRECATED_OBJC_IMPLEMENTATIONS = YES;
				CLANG_WARN_DIRECT_OBJC_ISA_USAGE = YES_ERROR;
				CLANG_WARN_DOCUMENTATION_COMMENTS = YES;
				CLANG_WARN_EMPTY_BODY = YES;
				CLANG_WARN_ENUM_CONVERSION = YES;
				CLANG_WARN_INFINITE_RECURSION = YES;
				CLANG_WARN_INT_CONVERSION = YES;
				CLANG_WARN_NON_LITERAL_NULL_CONVERSION = YES;
				CLANG_WARN_OBJC_IMPLICIT_RETAIN_SELF = YES;
				CLANG_WARN_OBJC_LITERAL_CONVERSION = YES;
				CLANG_WARN_OBJC_ROOT_CLASS = YES_ERROR;
				CLANG_WARN_QUOTED_INCLUDE_IN_FRAMEWORK_HEADER = YES;
				CLANG_WARN_RANGE_LOOP_ANALYSIS = YES;
				CLANG_WARN_STRICT_PROTOTYPES = YES;
				CLANG_WARN_SUSPICIOUS_MOVE = YES;
				CLANG_WARN_UNGUARDED_AVAILABILITY = YES_AGGRESSIVE;
				CLANG_WARN_UNREACHABLE_CODE = YES;
				CLANG_WARN__DUPLICATE_METHOD_MATCH = YES;
				COPY_PHASE_STRIP = NO;
				DEBUG_INFORMATION_FORMAT = "dwarf-with-dsym";
				ENABLE_NS_ASSERTIONS = NO;
				ENABLE_STRICT_OBJC_MSGSEND = YES;
				ENABLE_USER_SCRIPT_SANDBOXING = YES;
				GCC_C_LANGUAGE_STANDARD = gnu17;
				GCC_NO_COMMON_BLOCKS = YES;
				GCC_WARN_64_TO_32_BIT_CONVERSION = YES;
				GCC_WARN_ABOUT_RETURN_TYPE = YES_ERROR;
				GCC_WARN_UNDECLARED_SELECTOR = YES;
				GCC_WARN_UNINITIALIZED_AUTOS = YES_AGGRESSIVE;
				GCC_WARN_UNUSED_FUNCTION = YES;
				GCC_WARN_UNUSED_VARIABLE = YES;
				IPHONEOS_DEPLOYMENT_TARGET = 18.1;
				LOCALIZATION_PREFERS_STRING_CATALOGS = YES;
				MTL_ENABLE_DEBUG_INFO = NO;
				MTL_FAST_MATH = YES;
				SDKROOT = iphoneos;
				SWIFT_COMPILATION_MODE = wholemodule;
				VALIDATE_PRODUCT = YES;
			};
			name = Release;
		};
		8DB5EE562D65E336009EDFBC /* Debug */ = {
			isa = XCBuildConfiguration;
			buildSettings = {
				ASSETCATALOG_COMPILER_APPICON_NAME = AppIcon;
				ASSETCATALOG_COMPILER_GLOBAL_ACCENT_COLOR_NAME = AccentColor;
				CODE_SIGN_STYLE = Automatic;
				CURRENT_PROJECT_VERSION = 1;
				DEVELOPMENT_ASSET_PATHS = "\"grd/Preview Content\"";
				DEVELOPMENT_TEAM = V36RW5TG62;
				ENABLE_PREVIEWS = YES;
				GENERATE_INFOPLIST_FILE = YES;
				INFOPLIST_KEY_UIApplicationSceneManifest_Generation = YES;
				INFOPLIST_KEY_UIApplicationSupportsIndirectInputEvents = YES;
				INFOPLIST_KEY_UILaunchScreen_Generation = YES;
				INFOPLIST_KEY_UISupportedInterfaceOrientations_iPad = "UIInterfaceOrientationPortrait UIInterfaceOrientationPortraitUpsideDown UIInterfaceOrientationLandscapeLeft UIInterfaceOrientationLandscapeRight";
				INFOPLIST_KEY_UISupportedInterfaceOrientations_iPhone = "UIInterfaceOrientationPortrait UIInterfaceOrientationLandscapeLeft UIInterfaceOrientationLandscapeRight";
				LD_RUNPATH_SEARCH_PATHS = (
					"$(inherited)",
					"@executable_path/Frameworks",
				);
				MARKETING_VERSION = 1.0;
				PRODUCT_BUNDLE_IDENTIFIER = sus.grd;
				PRODUCT_NAME = "$(TARGET_NAME)";
				SWIFT_EMIT_LOC_STRINGS = YES;
				SWIFT_VERSION = 5.0;
				TARGETED_DEVICE_FAMILY = "1,2";
			};
			name = Debug;
		};
		8DB5EE572D65E336009EDFBC /* Release */ = {
			isa = XCBuildConfiguration;
			buildSettings = {
				ASSETCATALOG_COMPILER_APPICON_NAME = AppIcon;
				ASSETCATALOG_COMPILER_GLOBAL_ACCENT_COLOR_NAME = AccentColor;
				CODE_SIGN_STYLE = Automatic;
				CURRENT_PROJECT_VERSION = 1;
				DEVELOPMENT_ASSET_PATHS = "\"grd/Preview Content\"";
				DEVELOPMENT_TEAM = V36RW5TG62;
				ENABLE_PREVIEWS = YES;
				GENERATE_INFOPLIST_FILE = YES;
				INFOPLIST_KEY_UIApplicationSceneManifest_Generation = YES;
				INFOPLIST_KEY_UIApplicationSupportsIndirectInputEvents = YES;
				INFOPLIST_KEY_UILaunchScreen_Generation = YES;
				INFOPLIST_KEY_UISupportedInterfaceOrientations_iPad = "UIInterfaceOrientationPortrait UIInterfaceOrientationPortraitUpsideDown UIInterfaceOrientationLandscapeLeft UIInterfaceOrientationLandscapeRight";
				INFOPLIST_KEY_UISupportedInterfaceOrientations_iPhone = "UIInterfaceOrientationPortrait UIInterfaceOrientationLandscapeLeft UIInterfaceOrientationLandscapeRight";
				LD_RUNPATH_SEARCH_PATHS = (
					"$(inherited)",
					"@executable_path/Frameworks",
				);
				MARKETING_VERSION = 1.0;
				PRODUCT_BUNDLE_IDENTIFIER = sus.grd;
				PRODUCT_NAME = "$(TARGET_NAME)";
				SWIFT_EMIT_LOC_STRINGS = YES;
				SWIFT_VERSION = 5.0;
				TARGETED_DEVICE_FAMILY = "1,2";
			};
			name = Release;
		};
/* End XCBuildConfiguration section */

/* Begin XCConfigurationList section */
		8DB5EE402D65E334009EDFBC /* Build configuration list for PBXProject "grd" */ = {
			isa = XCConfigurationList;
			buildConfigurations = (
				8DB5EE532D65E336009EDFBC /* Debug */,
				8DB5EE542D65E336009EDFBC /* Release */,
			);
			defaultConfigurationIsVisible = 0;
			defaultConfigurationName = Release;
		};
		8DB5EE552D65E336009EDFBC /* Build configuration list for PBXNativeTarget "grd" */ = {
			isa = XCConfigurationList;
			buildConfigurations = (
				8DB5EE562D65E336009EDFBC /* Debug */,
				8DB5EE572D65E336009EDFBC /* Release */,
			);
			defaultConfigurationIsVisible = 0;
			defaultConfigurationName = Release;
		};
/* End XCConfigurationList section */
	};
	rootObject = 8DB5EE3D2D65E334009EDFBC /* Project object */;
}
